
Microsoft Visual Studio Solution File, Format Version 12.00
# Visual Studio Version 17
VisualStudioVersion = 17.4.33110.190
MinimumVisualStudioVersion = 10.0.40219.1
Project("{FAE04EC0-301F-11D3-BF4B-00C04F79EFBC}") = "LibraryService", "LibraryService\LibraryService.csproj", "{FCFE279E-DE17-460A-88F7-F8BE92546B21}"
EndProject
Global
	GlobalSection(SolutionConfigurationPlatforms) = preSolution
		Debug|Any CPU = Debug|Any CPU
		Release|Any CPU = Release|Any CPU
	EndGlobalSection
	GlobalSection(ProjectConfigurationPlatforms) = postSolution
		{FCFE279E-DE17-460A-88F7-F8BE92546B21}.Debug|Any CPU.ActiveCfg = Debug|Any CPU
		{FCFE279E-DE17-460A-88F7-F8BE92546B21}.Debug|Any CPU.Build.0 = Debug|Any CPU
		{FCFE279E-DE17-460A-88F7-F8BE92546B21}.Release|Any CPU.ActiveCfg = Release|Any CPU
		{FCFE279E-DE17-460A-88F7-F8BE92546B21}.Release|Any CPU.Build.0 = Release|Any CPU
	EndGlobalSection
	GlobalSection(SolutionProperties) = preSolution
		HideSolutionNode = FALSE
	EndGlobalSection
	GlobalSection(ExtensibilityGlobals) = postSolution
		SolutionGuid = {C231E2A5-AE4E-40CE-A7C8-DFA248C70B2E}
	EndGlobalSection
EndGlobal
